github.com/lib/pq v1.10.9 h1:YXG7RB+JIjhP29X+OtkiDnYaXQwpS4JEWq7dtCCRUEw=
github.com/lib/pq v1.10.9/go.mod h1:AlVN5x4E4T544tWzH6hKfbfQvm3HdbOxrmggDNAPY9o=
github.com/pressly/goose/v3 v3.11.2 h1:QgTP45FhBBHdmf7hWKlbWFHtwPtxo0phSDkwDKGUrYs=
github.com/pressly/goose/v3 v3.11.2/go.mod h1:LWQzSc4vwfHA/3B8getTp8g3J5Z8tFBxgxinmGlMlJk=
